
Microsoft Visual Studio Solution File, Format Version 12.00
# Visual Studio Version 17
VisualStudioVersion = 17.3.32819.101
MinimumVisualStudioVersion = 10.0.40219.1
Project("{FAE04EC0-301F-11D3-BF4B-00C04F79EFBC}") = "GymManagement", "GymManagement.csproj", "{6721D3DB-3C79-4895-9BCB-99EA8692D484}"
EndProject
Global
	GlobalSection(SolutionConfigurationPlatforms) = preSolution
		Debug|Any CPU = Debug|Any CPU
		Release|Any CPU = Release|Any CPU
	EndGlobalSection
	GlobalSection(ProjectConfigurationPlatforms) = postSolution
		{6721D3DB-3C79-4895-9BCB-99EA8692D484}.Debug|Any CPU.ActiveCfg = Debug|Any CPU
		{6721D3DB-3C79-4895-9BCB-99EA8692D484}.Debug|Any CPU.Build.0 = Debug|Any CPU
		{6721D3DB-3C79-4895-9BCB-99EA8692D484}.Release|Any CPU.ActiveCfg = Release|Any CPU
		{6721D3DB-3C79-4895-9BCB-99EA8692D484}.Release|Any CPU.Build.0 = Release|Any CPU
	EndGlobalSection
	GlobalSection(SolutionProperties) = preSolution
		HideSolutionNode = FALSE
	EndGlobalSection
	GlobalSection(ExtensibilityGlobals) = postSolution
		SolutionGuid = {CE72B27A-E79D-4036-A9E1-064BC98ECB50}
	EndGlobalSection
EndGlobal
